
Microsoft Visual Studio Solution File, Format Version 12.00
# Visual Studio Version 18
VisualStudioVersion = 18.4.11612.150 stable
MinimumVisualStudioVersion = 10.0.40219.1
Project("{FAE04EC0-301F-11D3-BF4B-00C04F79EFBC}") = "BaiTap", "BaiTap.csproj", "{C2F1DC05-7545-92A5-A6B9-78571B4341A7}"
EndProject
Global
	GlobalSection(SolutionConfigurationPlatforms) = preSolution
		Debug|Any CPU = Debug|Any CPU
		Release|Any CPU = Release|Any CPU
	EndGlobalSection
	GlobalSection(ProjectConfigurationPlatforms) = postSolution
		{C2F1DC05-7545-92A5-A6B9-78571B4341A7}.Debug|Any CPU.ActiveCfg = Debug|Any CPU
		{C2F1DC05-7545-92A5-A6B9-78571B4341A7}.Debug|Any CPU.Build.0 = Debug|Any CPU
		{C2F1DC05-7545-92A5-A6B9-78571B4341A7}.Release|Any CPU.ActiveCfg = Release|Any CPU
		{C2F1DC05-7545-92A5-A6B9-78571B4341A7}.Release|Any CPU.Build.0 = Release|Any CPU
	EndGlobalSection
	GlobalSection(SolutionProperties) = preSolution
		HideSolutionNode = FALSE
	EndGlobalSection
	GlobalSection(ExtensibilityGlobals) = postSolution
		SolutionGuid = {F0BA75D5-C11C-4787-94AD-2E3C2FFF1A8B}
	EndGlobalSection
EndGlobal
